
Microsoft Visual Studio Solution File, Format Version 12.00
# Visual Studio 15
VisualStudioVersion = 15.0.26403.0
MinimumVisualStudioVersion = 10.0.40219.1
Project("{2150E333-8FDC-42A3-9474-1A3956D46DE8}") = "common", "common", "{60EC42E9-D79B-4ADF-8F80-4DCD580061FD}"
	ProjectSection(SolutionItems) = preProject
		src\CommonAssemblyInfo.cs = src\CommonAssemblyInfo.cs
	EndProjectSection
EndProject
Project("{2150E333-8FDC-42A3-9474-1A3956D46DE8}") = "src", "src", "{1BD5D488-707E-4030-8AE8-80D93D04963F}"
EndProject
Project("{2150E333-8FDC-42A3-9474-1A3956D46DE8}") = ".nuget", ".nuget", "{DB9CF5EC-73DA-4AEB-BC6B-AF4260009E8B}"
	ProjectSection(SolutionItems) = preProject
		.nuget\NuGet.exe = .nuget\NuGet.exe
		.nuget\NuGet.targets = .nuget\NuGet.targets
	EndProjectSection
EndProject
Project("{2150E333-8FDC-42A3-9474-1A3956D46DE8}") = "samples", "samples", "{7D2D3DAB-6EB6-463D-B186-E875DA48DF9F}"
EndProject
Project("{FAE04EC0-301F-11D3-BF4B-00C04F79EFBC}") = "Samples", "samples\Samples\Samples.csproj", "{7F8D9786-383D-4441-8A3A-5E305E26B965}"
EndProject
Project("{9A19103F-16F7-4668-BE54-9A1E7A4F7556}") = "MsgPack", "src\MsgPack\MsgPack.csproj", "{5BCEC32E-990E-4DE5-945F-BD27326A7418}"
EndProject
Project("{2150E333-8FDC-42A3-9474-1A3956D46DE8}") = "CLR", "CLR", "{7D8FA6E5-A27C-4672-90ED-06033F030A66}"
EndProject
Project("{2150E333-8FDC-42A3-9474-1A3956D46DE8}") = "tools", "tools", "{2F623C70-7B64-490E-8605-D75D444CF065}"
EndProject
Project("{FAE04EC0-301F-11D3-BF4B-00C04F79EFBC}") = "mpu", "src\mpu\mpu.csproj", "{CB7C32CD-A8D8-44A4-A595-DF4303566C81}"
EndProject
Project("{FAE04EC0-301F-11D3-BF4B-00C04F79EFBC}") = "TestMsgPack", "TestMsgPack\TestMsgPack.csproj", "{4173C02F-544A-4272-87DE-88CA30EED4B6}"
EndProject
Global
	GlobalSection(SolutionConfigurationPlatforms) = preSolution
		CodeAnalysis|Any CPU = CodeAnalysis|Any CPU
		CodeAnalysis|ARM = CodeAnalysis|ARM
		CodeAnalysis|Mixed Platforms = CodeAnalysis|Mixed Platforms
		CodeAnalysis|x64 = CodeAnalysis|x64
		CodeAnalysis|x86 = CodeAnalysis|x86
		Debug|Any CPU = Debug|Any CPU
		Debug|ARM = Debug|ARM
		Debug|Mixed Platforms = Debug|Mixed Platforms
		Debug|x64 = Debug|x64
		Debug|x86 = Debug|x86
		Instrument|Any CPU = Instrument|Any CPU
		Instrument|ARM = Instrument|ARM
		Instrument|Mixed Platforms = Instrument|Mixed Platforms
		Instrument|x64 = Instrument|x64
		Instrument|x86 = Instrument|x86
		PerformanceTest|Any CPU = PerformanceTest|Any CPU
		PerformanceTest|ARM = PerformanceTest|ARM
		PerformanceTest|Mixed Platforms = PerformanceTest|Mixed Platforms
		PerformanceTest|x64 = PerformanceTest|x64
		PerformanceTest|x86 = PerformanceTest|x86
		Release|Any CPU = Release|Any CPU
		Release|ARM = Release|ARM
		Release|Mixed Platforms = Release|Mixed Platforms
		Release|x64 = Release|x64
		Release|x86 = Release|x86
	EndGlobalSection
	GlobalSection(ProjectConfigurationPlatforms) = postSolution
		{7F8D9786-383D-4441-8A3A-5E305E26B965}.CodeAnalysis|Any CPU.ActiveCfg = Release|Any CPU
		{7F8D9786-383D-4441-8A3A-5E305E26B965}.CodeAnalysis|ARM.ActiveCfg = Release|Any CPU
		{7F8D9786-383D-4441-8A3A-5E305E26B965}.CodeAnalysis|Mixed Platforms.ActiveCfg = Debug|Any CPU
		{7F8D9786-383D-4441-8A3A-5E305E26B965}.CodeAnalysis|x64.ActiveCfg = Release|Any CPU
		{7F8D9786-383D-4441-8A3A-5E305E26B965}.CodeAnalysis|x86.ActiveCfg = Release|Any CPU
		{7F8D9786-383D-4441-8A3A-5E305E26B965}.Debug|Any CPU.ActiveCfg = Debug|Any CPU
		{7F8D9786-383D-4441-8A3A-5E305E26B965}.Debug|ARM.ActiveCfg = Debug|Any CPU
		{7F8D9786-383D-4441-8A3A-5E305E26B965}.Debug|Mixed Platforms.ActiveCfg = Debug|Any CPU
		{7F8D9786-383D-4441-8A3A-5E305E26B965}.Debug|Mixed Platforms.Build.0 = Debug|Any CPU
		{7F8D9786-383D-4441-8A3A-5E305E26B965}.Debug|x64.ActiveCfg = Debug|Any CPU
		{7F8D9786-383D-4441-8A3A-5E305E26B965}.Debug|x86.ActiveCfg = Debug|Any CPU
		{7F8D9786-383D-4441-8A3A-5E305E26B965}.Instrument|Any CPU.ActiveCfg = Debug|Any CPU
		{7F8D9786-383D-4441-8A3A-5E305E26B965}.Instrument|Any CPU.Build.0 = Debug|Any CPU
		{7F8D9786-383D-4441-8A3A-5E305E26B965}.Instrument|ARM.ActiveCfg = Debug|Any CPU
		{7F8D9786-383D-4441-8A3A-5E305E26B965}.Instrument|ARM.Build.0 = Debug|Any CPU
		{7F8D9786-383D-4441-8A3A-5E305E26B965}.Instrument|Mixed Platforms.ActiveCfg = Debug|Any CPU
		{7F8D9786-383D-4441-8A3A-5E305E26B965}.Instrument|Mixed Platforms.Build.0 = Debug|Any CPU
		{7F8D9786-383D-4441-8A3A-5E305E26B965}.Instrument|x64.ActiveCfg = Debug|Any CPU
		{7F8D9786-383D-4441-8A3A-5E305E26B965}.Instrument|x64.Build.0 = Debug|Any CPU
		{7F8D9786-383D-4441-8A3A-5E305E26B965}.Instrument|x86.ActiveCfg = Debug|Any CPU
		{7F8D9786-383D-4441-8A3A-5E305E26B965}.Instrument|x86.Build.0 = Debug|Any CPU
		{7F8D9786-383D-4441-8A3A-5E305E26B965}.PerformanceTest|Any CPU.ActiveCfg = Release|Any CPU
		{7F8D9786-383D-4441-8A3A-5E305E26B965}.PerformanceTest|ARM.ActiveCfg = Release|Any CPU
		{7F8D9786-383D-4441-8A3A-5E305E26B965}.PerformanceTest|Mixed Platforms.ActiveCfg = Debug|Any CPU
		{7F8D9786-383D-4441-8A3A-5E305E26B965}.PerformanceTest|x64.ActiveCfg = Release|Any CPU
		{7F8D9786-383D-4441-8A3A-5E305E26B965}.PerformanceTest|x86.ActiveCfg = Release|Any CPU
		{7F8D9786-383D-4441-8A3A-5E305E26B965}.Release|Any CPU.ActiveCfg = Release|Any CPU
		{7F8D9786-383D-4441-8A3A-5E305E26B965}.Release|ARM.ActiveCfg = Release|Any CPU
		{7F8D9786-383D-4441-8A3A-5E305E26B965}.Release|Mixed Platforms.ActiveCfg = Release|Any CPU
		{7F8D9786-383D-4441-8A3A-5E305E26B965}.Release|x64.ActiveCfg = Release|Any CPU
		{7F8D9786-383D-4441-8A3A-5E305E26B965}.Release|x86.ActiveCfg = Release|Any CPU
		{5BCEC32E-990E-4DE5-945F-BD27326A7418}.CodeAnalysis|Any CPU.ActiveCfg = CodeAnalysis|Any CPU
		{5BCEC32E-990E-4DE5-945F-BD27326A7418}.CodeAnalysis|Any CPU.Build.0 = CodeAnalysis|Any CPU
		{5BCEC32E-990E-4DE5-945F-BD27326A7418}.CodeAnalysis|ARM.ActiveCfg = CodeAnalysis|Any CPU
		{5BCEC32E-990E-4DE5-945F-BD27326A7418}.CodeAnalysis|ARM.Build.0 = CodeAnalysis|Any CPU
		{5BCEC32E-990E-4DE5-945F-BD27326A7418}.CodeAnalysis|Mixed Platforms.ActiveCfg = CodeAnalysis|Any CPU
		{5BCEC32E-990E-4DE5-945F-BD27326A7418}.CodeAnalysis|Mixed Platforms.Build.0 = CodeAnalysis|Any CPU
		{5BCEC32E-990E-4DE5-945F-BD27326A7418}.CodeAnalysis|x64.ActiveCfg = CodeAnalysis|Any CPU
		{5BCEC32E-990E-4DE5-945F-BD27326A7418}.CodeAnalysis|x64.Build.0 = CodeAnalysis|Any CPU
		{5BCEC32E-990E-4DE5-945F-BD27326A7418}.CodeAnalysis|x86.ActiveCfg = CodeAnalysis|Any CPU
		{5BCEC32E-990E-4DE5-945F-BD27326A7418}.CodeAnalysis|x86.Build.0 = CodeAnalysis|Any CPU
		{5BCEC32E-990E-4DE5-945F-BD27326A7418}.Debug|Any CPU.ActiveCfg = Debug|Any CPU
		{5BCEC32E-990E-4DE5-945F-BD27326A7418}.Debug|Any CPU.Build.0 = Debug|Any CPU
		{5BCEC32E-990E-4DE5-945F-BD27326A7418}.Debug|ARM.ActiveCfg = Debug|Any CPU
		{5BCEC32E-990E-4DE5-945F-BD27326A7418}.Debug|ARM.Build.0 = Debug|Any CPU
		{5BCEC32E-990E-4DE5-945F-BD27326A7418}.Debug|Mixed Platforms.ActiveCfg = Debug|Any CPU
		{5BCEC32E-990E-4DE5-945F-BD27326A7418}.Debug|Mixed Platforms.Build.0 = Debug|Any CPU
		{5BCEC32E-990E-4DE5-945F-BD27326A7418}.Debug|x64.ActiveCfg = Debug|Any CPU
		{5BCEC32E-990E-4DE5-945F-BD27326A7418}.Debug|x64.Build.0 = Debug|Any CPU
		{5BCEC32E-990E-4DE5-945F-BD27326A7418}.Debug|x86.ActiveCfg = Debug|Any CPU
		{5BCEC32E-990E-4DE5-945F-BD27326A7418}.Debug|x86.Build.0 = Debug|Any CPU
		{5BCEC32E-990E-4DE5-945F-BD27326A7418}.Instrument|Any CPU.ActiveCfg = Instrument|Any CPU
		{5BCEC32E-990E-4DE5-945F-BD27326A7418}.Instrument|Any CPU.Build.0 = Instrument|Any CPU
		{5BCEC32E-990E-4DE5-945F-BD27326A7418}.Instrument|ARM.ActiveCfg = Instrument|Any CPU
		{5BCEC32E-990E-4DE5-945F-BD27326A7418}.Instrument|ARM.Build.0 = Instrument|Any CPU
		{5BCEC32E-990E-4DE5-945F-BD27326A7418}.Instrument|Mixed Platforms.ActiveCfg = Instrument|Any CPU
		{5BCEC32E-990E-4DE5-945F-BD27326A7418}.Instrument|Mixed Platforms.Build.0 = Instrument|Any CPU
		{5BCEC32E-990E-4DE5-945F-BD27326A7418}.Instrument|x64.ActiveCfg = Instrument|Any CPU
		{5BCEC32E-990E-4DE5-945F-BD27326A7418}.Instrument|x64.Build.0 = Instrument|Any CPU
		{5BCEC32E-990E-4DE5-945F-BD27326A7418}.Instrument|x86.ActiveCfg = Instrument|Any CPU
		{5BCEC32E-990E-4DE5-945F-BD27326A7418}.Instrument|x86.Build.0 = Instrument|Any CPU
		{5BCEC32E-990E-4DE5-945F-BD27326A7418}.PerformanceTest|Any CPU.ActiveCfg = PerformanceTest|Any CPU
		{5BCEC32E-990E-4DE5-945F-BD27326A7418}.PerformanceTest|Any CPU.Build.0 = PerformanceTest|Any CPU
		{5BCEC32E-990E-4DE5-945F-BD27326A7418}.PerformanceTest|ARM.ActiveCfg = PerformanceTest|Any CPU
		{5BCEC32E-990E-4DE5-945F-BD27326A7418}.PerformanceTest|ARM.Build.0 = PerformanceTest|Any CPU
		{5BCEC32E-990E-4DE5-945F-BD27326A7418}.PerformanceTest|Mixed Platforms.ActiveCfg = PerformanceTest|Any CPU
		{5BCEC32E-990E-4DE5-945F-BD27326A7418}.PerformanceTest|Mixed Platforms.Build.0 = PerformanceTest|Any CPU
		{5BCEC32E-990E-4DE5-945F-BD27326A7418}.PerformanceTest|x64.ActiveCfg = PerformanceTest|Any CPU
		{5BCEC32E-990E-4DE5-945F-BD27326A7418}.PerformanceTest|x64.Build.0 = PerformanceTest|Any CPU
		{5BCEC32E-990E-4DE5-945F-BD27326A7418}.PerformanceTest|x86.ActiveCfg = PerformanceTest|Any CPU
		{5BCEC32E-990E-4DE5-945F-BD27326A7418}.PerformanceTest|x86.Build.0 = PerformanceTest|Any CPU
		{5BCEC32E-990E-4DE5-945F-BD27326A7418}.Release|Any CPU.ActiveCfg = Release|Any CPU
		{5BCEC32E-990E-4DE5-945F-BD27326A7418}.Release|Any CPU.Build.0 = Release|Any CPU
		{5BCEC32E-990E-4DE5-945F-BD27326A7418}.Release|ARM.ActiveCfg = Release|Any CPU
		{5BCEC32E-990E-4DE5-945F-BD27326A7418}.Release|ARM.Build.0 = Release|Any CPU
		{5BCEC32E-990E-4DE5-945F-BD27326A7418}.Release|Mixed Platforms.ActiveCfg = Release|Any CPU
		{5BCEC32E-990E-4DE5-945F-BD27326A7418}.Release|Mixed Platforms.Build.0 = Release|Any CPU
		{5BCEC32E-990E-4DE5-945F-BD27326A7418}.Release|x64.ActiveCfg = Release|Any CPU
		{5BCEC32E-990E-4DE5-945F-BD27326A7418}.Release|x64.Build.0 = Release|Any CPU
		{5BCEC32E-990E-4DE5-945F-BD27326A7418}.Release|x86.ActiveCfg = Release|Any CPU
		{5BCEC32E-990E-4DE5-945F-BD27326A7418}.Release|x86.Build.0 = Release|Any CPU
		{CB7C32CD-A8D8-44A4-A595-DF4303566C81}.CodeAnalysis|Any CPU.ActiveCfg = Release|Any CPU
		{CB7C32CD-A8D8-44A4-A595-DF4303566C81}.CodeAnalysis|Any CPU.Build.0 = Release|Any CPU
		{CB7C32CD-A8D8-44A4-A595-DF4303566C81}.CodeAnalysis|ARM.ActiveCfg = Release|Any CPU
		{CB7C32CD-A8D8-44A4-A595-DF4303566C81}.CodeAnalysis|ARM.Build.0 = Release|Any CPU
		{CB7C32CD-A8D8-44A4-A595-DF4303566C81}.CodeAnalysis|Mixed Platforms.ActiveCfg = Release|Any CPU
		{CB7C32CD-A8D8-44A4-A595-DF4303566C81}.CodeAnalysis|Mixed Platforms.Build.0 = Release|Any CPU
		{CB7C32CD-A8D8-44A4-A595-DF4303566C81}.CodeAnalysis|x64.ActiveCfg = Release|Any CPU
		{CB7C32CD-A8D8-44A4-A595-DF4303566C81}.CodeAnalysis|x64.Build.0 = Release|Any CPU
		{CB7C32CD-A8D8-44A4-A595-DF4303566C81}.CodeAnalysis|x86.ActiveCfg = Release|Any CPU
		{CB7C32CD-A8D8-44A4-A595-DF4303566C81}.CodeAnalysis|x86.Build.0 = Release|Any CPU
		{CB7C32CD-A8D8-44A4-A595-DF4303566C81}.Debug|Any CPU.ActiveCfg = Debug|Any CPU
		{CB7C32CD-A8D8-44A4-A595-DF4303566C81}.Debug|ARM.ActiveCfg = Debug|Any CPU
		{CB7C32CD-A8D8-44A4-A595-DF4303566C81}.Debug|ARM.Build.0 = Debug|Any CPU
		{CB7C32CD-A8D8-44A4-A595-DF4303566C81}.Debug|Mixed Platforms.ActiveCfg = Debug|Any CPU
		{CB7C32CD-A8D8-44A4-A595-DF4303566C81}.Debug|Mixed Platforms.Build.0 = Debug|Any CPU
		{CB7C32CD-A8D8-44A4-A595-DF4303566C81}.Debug|x64.ActiveCfg = Debug|Any CPU
		{CB7C32CD-A8D8-44A4-A595-DF4303566C81}.Debug|x64.Build.0 = Debug|Any CPU
		{CB7C32CD-A8D8-44A4-A595-DF4303566C81}.Debug|x86.ActiveCfg = Debug|Any CPU
		{CB7C32CD-A8D8-44A4-A595-DF4303566C81}.Debug|x86.Build.0 = Debug|Any CPU
		{CB7C32CD-A8D8-44A4-A595-DF4303566C81}.Instrument|Any CPU.ActiveCfg = Release|Any CPU
		{CB7C32CD-A8D8-44A4-A595-DF4303566C81}.Instrument|Any CPU.Build.0 = Release|Any CPU
		{CB7C32CD-A8D8-44A4-A595-DF4303566C81}.Instrument|ARM.ActiveCfg = Release|Any CPU
		{CB7C32CD-A8D8-44A4-A595-DF4303566C81}.Instrument|ARM.Build.0 = Release|Any CPU
		{CB7C32CD-A8D8-44A4-A595-DF4303566C81}.Instrument|Mixed Platforms.ActiveCfg = Release|Any CPU
		{CB7C32CD-A8D8-44A4-A595-DF4303566C81}.Instrument|Mixed Platforms.Build.0 = Release|Any CPU
		{CB7C32CD-A8D8-44A4-A595-DF4303566C81}.Instrument|x64.ActiveCfg = Release|Any CPU
		{CB7C32CD-A8D8-44A4-A595-DF4303566C81}.Instrument|x64.Build.0 = Release|Any CPU
		{CB7C32CD-A8D8-44A4-A595-DF4303566C81}.Instrument|x86.ActiveCfg = Release|Any CPU
		{CB7C32CD-A8D8-44A4-A595-DF4303566C81}.Instrument|x86.Build.0 = Release|Any CPU
		{CB7C32CD-A8D8-44A4-A595-DF4303566C81}.PerformanceTest|Any CPU.ActiveCfg = Release|Any CPU
		{CB7C32CD-A8D8-44A4-A595-DF4303566C81}.PerformanceTest|Any CPU.Build.0 = Release|Any CPU
		{CB7C32CD-A8D8-44A4-A595-DF4303566C81}.PerformanceTest|ARM.ActiveCfg = Release|Any CPU
		{CB7C32CD-A8D8-44A4-A595-DF4303566C81}.PerformanceTest|ARM.Build.0 = Release|Any CPU
		{CB7C32CD-A8D8-44A4-A595-DF4303566C81}.PerformanceTest|Mixed Platforms.ActiveCfg = Release|Any CPU
		{CB7C32CD-A8D8-44A4-A595-DF4303566C81}.PerformanceTest|Mixed Platforms.Build.0 = Release|Any CPU
		{CB7C32CD-A8D8-44A4-A595-DF4303566C81}.PerformanceTest|x64.ActiveCfg = Release|Any CPU
		{CB7C32CD-A8D8-44A4-A595-DF4303566C81}.PerformanceTest|x64.Build.0 = Release|Any CPU
		{CB7C32CD-A8D8-44A4-A595-DF4303566C81}.PerformanceTest|x86.ActiveCfg = Release|Any CPU
		{CB7C32CD-A8D8-44A4-A595-DF4303566C81}.PerformanceTest|x86.Build.0 = Release|Any CPU
		{CB7C32CD-A8D8-44A4-A595-DF4303566C81}.Release|Any CPU.ActiveCfg = Release|Any CPU
		{CB7C32CD-A8D8-44A4-A595-DF4303566C81}.Release|Any CPU.Build.0 = Release|Any CPU
		{CB7C32CD-A8D8-44A4-A595-DF4303566C81}.Release|ARM.ActiveCfg = Release|Any CPU
		{CB7C32CD-A8D8-44A4-A595-DF4303566C81}.Release|ARM.Build.0 = Release|Any CPU
		{CB7C32CD-A8D8-44A4-A595-DF4303566C81}.Release|Mixed Platforms.ActiveCfg = Release|Any CPU
		{CB7C32CD-A8D8-44A4-A595-DF4303566C81}.Release|Mixed Platforms.Build.0 = Release|Any CPU
		{CB7C32CD-A8D8-44A4-A595-DF4303566C81}.Release|x64.ActiveCfg = Release|Any CPU
		{CB7C32CD-A8D8-44A4-A595-DF4303566C81}.Release|x64.Build.0 = Release|Any CPU
		{CB7C32CD-A8D8-44A4-A595-DF4303566C81}.Release|x86.ActiveCfg = Release|Any CPU
		{CB7C32CD-A8D8-44A4-A595-DF4303566C81}.Release|x86.Build.0 = Release|Any CPU
		{4173C02F-544A-4272-87DE-88CA30EED4B6}.CodeAnalysis|Any CPU.ActiveCfg = CodeAnalysis|Any CPU
		{4173C02F-544A-4272-87DE-88CA30EED4B6}.CodeAnalysis|Any CPU.Build.0 = CodeAnalysis|Any CPU
		{4173C02F-544A-4272-87DE-88CA30EED4B6}.CodeAnalysis|ARM.ActiveCfg = CodeAnalysis|ARM
		{4173C02F-544A-4272-87DE-88CA30EED4B6}.CodeAnalysis|ARM.Build.0 = CodeAnalysis|ARM
		{4173C02F-544A-4272-87DE-88CA30EED4B6}.CodeAnalysis|Mixed Platforms.ActiveCfg = CodeAnalysis|Mixed Platforms
		{4173C02F-544A-4272-87DE-88CA30EED4B6}.CodeAnalysis|Mixed Platforms.Build.0 = CodeAnalysis|Mixed Platforms
		{4173C02F-544A-4272-87DE-88CA30EED4B6}.CodeAnalysis|x64.ActiveCfg = CodeAnalysis|x64
		{4173C02F-544A-4272-87DE-88CA30EED4B6}.CodeAnalysis|x64.Build.0 = CodeAnalysis|x64
		{4173C02F-544A-4272-87DE-88CA30EED4B6}.CodeAnalysis|x86.ActiveCfg = CodeAnalysis|x86
		{4173C02F-544A-4272-87DE-88CA30EED4B6}.CodeAnalysis|x86.Build.0 = CodeAnalysis|x86
		{4173C02F-544A-4272-87DE-88CA30EED4B6}.Debug|Any CPU.ActiveCfg = Debug|Any CPU
		{4173C02F-544A-4272-87DE-88CA30EED4B6}.Debug|Any CPU.Build.0 = Debug|Any CPU
		{4173C02F-544A-4272-87DE-88CA30EED4B6}.Debug|ARM.ActiveCfg = Debug|ARM
		{4173C02F-544A-4272-87DE-88CA30EED4B6}.Debug|ARM.Build.0 = Debug|ARM
		{4173C02F-544A-4272-87DE-88CA30EED4B6}.Debug|Mixed Platforms.ActiveCfg = Debug|Mixed Platforms
		{4173C02F-544A-4272-87DE-88CA30EED4B6}.Debug|Mixed Platforms.Build.0 = Debug|Mixed Platforms
		{4173C02F-544A-4272-87DE-88CA30EED4B6}.Debug|x64.ActiveCfg = Debug|x64
		{4173C02F-544A-4272-87DE-88CA30EED4B6}.Debug|x64.Build.0 = Debug|x64
		{4173C02F-544A-4272-87DE-88CA30EED4B6}.Debug|x86.ActiveCfg = Debug|x86
		{4173C02F-544A-4272-87DE-88CA30EED4B6}.Debug|x86.Build.0 = Debug|x86
		{4173C02F-544A-4272-87DE-88CA30EED4B6}.Instrument|Any CPU.ActiveCfg = Instrument|Any CPU
		{4173C02F-544A-4272-87DE-88CA30EED4B6}.Instrument|Any CPU.Build.0 = Instrument|Any CPU
		{4173C02F-544A-4272-87DE-88CA30EED4B6}.Instrument|ARM.ActiveCfg = Instrument|ARM
		{4173C02F-544A-4272-87DE-88CA30EED4B6}.Instrument|ARM.Build.0 = Instrument|ARM
		{4173C02F-544A-4272-87DE-88CA30EED4B6}.Instrument|Mixed Platforms.ActiveCfg = Instrument|Mixed Platforms
		{4173C02F-544A-4272-87DE-88CA30EED4B6}.Instrument|Mixed Platforms.Build.0 = Instrument|Mixed Platforms
		{4173C02F-544A-4272-87DE-88CA30EED4B6}.Instrument|x64.ActiveCfg = Instrument|x64
		{4173C02F-544A-4272-87DE-88CA30EED4B6}.Instrument|x64.Build.0 = Instrument|x64
		{4173C02F-544A-4272-87DE-88CA30EED4B6}.Instrument|x86.ActiveCfg = Instrument|x86
		{4173C02F-544A-4272-87DE-88CA30EED4B6}.Instrument|x86.Build.0 = Instrument|x86
		{4173C02F-544A-4272-87DE-88CA30EED4B6}.PerformanceTest|Any CPU.ActiveCfg = PerformanceTest|Any CPU
		{4173C02F-544A-4272-87DE-88CA30EED4B6}.PerformanceTest|Any CPU.Build.0 = PerformanceTest|Any CPU
		{4173C02F-544A-4272-87DE-88CA30EED4B6}.PerformanceTest|ARM.ActiveCfg = PerformanceTest|ARM
		{4173C02F-544A-4272-87DE-88CA30EED4B6}.PerformanceTest|ARM.Build.0 = PerformanceTest|ARM
		{4173C02F-544A-4272-87DE-88CA30EED4B6}.PerformanceTest|Mixed Platforms.ActiveCfg = PerformanceTest|Mixed Platforms
		{4173C02F-544A-4272-87DE-88CA30EED4B6}.PerformanceTest|Mixed Platforms.Build.0 = PerformanceTest|Mixed Platforms
		{4173C02F-544A-4272-87DE-88CA30EED4B6}.PerformanceTest|x64.ActiveCfg = PerformanceTest|x64
		{4173C02F-544A-4272-87DE-88CA30EED4B6}.PerformanceTest|x64.Build.0 = PerformanceTest|x64
		{4173C02F-544A-4272-87DE-88CA30EED4B6}.PerformanceTest|x86.ActiveCfg = PerformanceTest|x86
		{4173C02F-544A-4272-87DE-88CA30EED4B6}.PerformanceTest|x86.Build.0 = PerformanceTest|x86
		{4173C02F-544A-4272-87DE-88CA30EED4B6}.Release|Any CPU.ActiveCfg = Release|Any CPU
		{4173C02F-544A-4272-87DE-88CA30EED4B6}.Release|Any CPU.Build.0 = Release|Any CPU
		{4173C02F-544A-4272-87DE-88CA30EED4B6}.Release|ARM.ActiveCfg = Release|ARM
		{4173C02F-544A-4272-87DE-88CA30EED4B6}.Release|ARM.Build.0 = Release|ARM
		{4173C02F-544A-4272-87DE-88CA30EED4B6}.Release|Mixed Platforms.ActiveCfg = Release|Mixed Platforms
		{4173C02F-544A-4272-87DE-88CA30EED4B6}.Release|Mixed Platforms.Build.0 = Release|Mixed Platforms
		{4173C02F-544A-4272-87DE-88CA30EED4B6}.Release|x64.ActiveCfg = Release|x64
		{4173C02F-544A-4272-87DE-88CA30EED4B6}.Release|x64.Build.0 = Release|x64
		{4173C02F-544A-4272-87DE-88CA30EED4B6}.Release|x86.ActiveCfg = Release|x86
		{4173C02F-544A-4272-87DE-88CA30EED4B6}.Release|x86.Build.0 = Release|x86
	EndGlobalSection
	GlobalSection(SolutionProperties) = preSolution
		HideSolutionNode = FALSE
	EndGlobalSection
	GlobalSection(NestedProjects) = preSolution
		{7F8D9786-383D-4441-8A3A-5E305E26B965} = {7D2D3DAB-6EB6-463D-B186-E875DA48DF9F}
		{5BCEC32E-990E-4DE5-945F-BD27326A7418} = {7D8FA6E5-A27C-4672-90ED-06033F030A66}
		{7D8FA6E5-A27C-4672-90ED-06033F030A66} = {1BD5D488-707E-4030-8AE8-80D93D04963F}
		{2F623C70-7B64-490E-8605-D75D444CF065} = {1BD5D488-707E-4030-8AE8-80D93D04963F}
		{CB7C32CD-A8D8-44A4-A595-DF4303566C81} = {2F623C70-7B64-490E-8605-D75D444CF065}
	EndGlobalSection
EndGlobal
