
Microsoft Visual Studio Solution File, Format Version 12.00
# Visual Studio 2012
Project("{FAE04EC0-301F-11D3-BF4B-00C04F79EFBC}") = "MsgPack.Net35", "MsgPack.Net35.csproj", "{C5490CDC-3B79-42DC-ACFB-75A62E55862C}"
EndProject
Global
	GlobalSection(SolutionConfigurationPlatforms) = preSolution
		Debug|Any CPU = Debug|Any CPU
		Release|Any CPU = Release|Any CPU
		CodeAnalysis|Any CPU = CodeAnalysis|Any CPU
	EndGlobalSection
	GlobalSection(ProjectConfigurationPlatforms) = postSolution
		{C5490CDC-3B79-42DC-ACFB-75A62E55862C}.Debug|Any CPU.ActiveCfg = Debug|Any CPU
		{C5490CDC-3B79-42DC-ACFB-75A62E55862C}.Debug|Any CPU.Build.0 = Debug|Any CPU
		{C5490CDC-3B79-42DC-ACFB-75A62E55862C}.Release|Any CPU.ActiveCfg = Release|Any CPU
		{C5490CDC-3B79-42DC-ACFB-75A62E55862C}.Release|Any CPU.Build.0 = Release|Any CPU
		{C5490CDC-3B79-42DC-ACFB-75A62E55862C}.CodeAnalysis|Any CPU.ActiveCfg = CodeAnalysis|Any CPU
		{C5490CDC-3B79-42DC-ACFB-75A62E55862C}.CodeAnalysis|Any CPU.Build.0 = CodeAnalysis|Any CPU
	EndGlobalSection
EndGlobal
